# THIS IS AN AUTOGENERATED FILE. DO NOT EDIT THIS FILE DIRECTLY.
# yarn lockfile v1


"@sentry/apm@5.19.0":
  version "5.19.0"
  resolved "https://registry.yarnpkg.com/@sentry/apm/-/apm-5.19.0.tgz#1f0ec63fc772b79cd9a9ddb4a115b0595cde9fd8"
  integrity sha512-CwjXwkj31TlktW3FAM9GqF9zbjAyH58nrguCwx/uPTkpJN1Uj4MGh74oWFo45a4f/cLjjrpLA/mbwBdhs0z8sw==
  dependencies:
    "@sentry/browser" "5.19.0"
    "@sentry/hub" "5.19.0"
    "@sentry/minimal" "5.19.0"
    "@sentry/types" "5.19.0"
    "@sentry/utils" "5.19.0"
    tslib "^1.9.3"

"@sentry/browser@5.19.0":
  version "5.19.0"
  resolved "https://registry.yarnpkg.com/@sentry/browser/-/browser-5.19.0.tgz#9189b6633fe45e54325e40b39345d9eabd171e4a"
  integrity sha512-Cz8PnzC5NGfpHIGCmHLgA6iDEBVELwo4Il/iFweXjs4+VL4biw62lI32Q4iLCCpmX0t5UvrWBOnju2v8zuFIjA==
  dependencies:
    "@sentry/core" "5.19.0"
    "@sentry/types" "5.19.0"
    "@sentry/utils" "5.19.0"
    tslib "^1.9.3"

"@sentry/core@5.19.0":
  version "5.19.0"
  resolved "https://registry.yarnpkg.com/@sentry/core/-/core-5.19.0.tgz#31b08a0b46ae1ee6863447225b401ac2a777774c"
  integrity sha512-ry1Zms6jrVQPEwmfywItyUhOgabPrykd8stR1x/u2t1YiISWlR813fE5nzdwgW5mxEitXz/ikTwvrfK3egsDWQ==
  dependencies:
    "@sentry/hub" "5.19.0"
    "@sentry/minimal" "5.19.0"
    "@sentry/types" "5.19.0"
    "@sentry/utils" "5.19.0"
    tslib "^1.9.3"

"@sentry/hub@5.19.0":
  version "5.19.0"
  resolved "https://registry.yarnpkg.com/@sentry/hub/-/hub-5.19.0.tgz#f38e7745a4980d9fa6c5baeca5605e7e6fecd5ac"
  integrity sha512-UFaQLa1XAa02ZcxUmN9GdDpGs3vHK1LpOyYooimX8ttWa4KAkMuP+O5uXH1TJabry6o/cRwYisg2k6PBSy8gxw==
  dependencies:
    "@sentry/types" "5.19.0"
    "@sentry/utils" "5.19.0"
    tslib "^1.9.3"

"@sentry/minimal@5.19.0":
  version "5.19.0"
  resolved "https://registry.yarnpkg.com/@sentry/minimal/-/minimal-5.19.0.tgz#aa5a700618608ea79d270280fe77f04bbb44ed5a"
  integrity sha512-3FHgirwOuOMF4VlwHboYObPT9c0S9b9y5FW0DGgNt8sJPezS00VaJti/38ZwOHQJ4fJ6ubt/Y3Kz0eBTVxMCCQ==
  dependencies:
    "@sentry/hub" "5.19.0"
    "@sentry/types" "5.19.0"
    tslib "^1.9.3"

"@sentry/node@^5.19.0":
  version "5.19.0"
  resolved "https://registry.yarnpkg.com/@sentry/node/-/node-5.19.0.tgz#e02daf9804be47e1c5d8de456d545b4d66422cdb"
  integrity sha512-dqpH9ff+ropVpv0vJnNEOm601Gq/VFvdiN4Ge6JaKEVz+utx6JafEXjXsQqngxXp3xvJw6g0s6cw4HJ+Mx7dow==
  dependencies:
    "@sentry/apm" "5.19.0"
    "@sentry/core" "5.19.0"
    "@sentry/hub" "5.19.0"
    "@sentry/types" "5.19.0"
    "@sentry/utils" "5.19.0"
    cookie "^0.3.1"
    https-proxy-agent "^4.0.0"
    lru_map "^0.3.3"
    tslib "^1.9.3"

"@sentry/types@5.19.0":
  version "5.19.0"
  resolved "https://registry.yarnpkg.com/@sentry/types/-/types-5.19.0.tgz#30c6a05040b644d90337ef8b50d9d59c0872744d"
  integrity sha512-NlHLS9mwCEimKUA5vClAwVhXFLsqSF3VJEXU+K61fF6NZx8zfJi/HTrIBtoM4iNSAt9o4XLQatC1liIpBC06tg==

"@sentry/utils@5.19.0":
  version "5.19.0"
  resolved "https://registry.yarnpkg.com/@sentry/utils/-/utils-5.19.0.tgz#0e01f84aa67a1cf2ec71faab670230918ea7e9aa"
  integrity sha512-EU/T9aJrI8isexRnyDx5InNw/HjSQ0nKI7YWdiwfFrJusqQ/uisnCGK7vw6gGHDgiAHMXW3TJ38NHpNBin6y7Q==
  dependencies:
    "@sentry/types" "5.19.0"
    tslib "^1.9.3"

"@types/body-parser@*":
  version "1.19.0"
  resolved "https://registry.yarnpkg.com/@types/body-parser/-/body-parser-1.19.0.tgz#0685b3c47eb3006ffed117cdd55164b61f80538f"
  integrity sha512-W98JrE0j2K78swW4ukqMleo8R7h/pFETjM2DQ90MF6XK2i4LO4W3gQ71Lt4w3bfm2EvVSyWHplECvB5sK22yFQ==
  dependencies:
    "@types/connect" "*"
    "@types/node" "*"

"@types/cls-hooked@*":
  version "4.3.3"
  resolved "https://registry.yarnpkg.com/@types/cls-hooked/-/cls-hooked-4.3.3.tgz#c09e2f8dc62198522eaa18a5b6b873053154bd00"
  integrity sha512-gNstDTb/ty5h6gJd6YpSPgsLX9LmRpaKJqGFp7MRlYxhwp4vXXKlJ9+bt1TZ9KbVNXE+Mbxy2AYXcpY21DDtJw==
  dependencies:
    "@types/node" "*"

"@types/connect@*":
  version "3.4.34"
  resolved "https://registry.yarnpkg.com/@types/connect/-/connect-3.4.34.tgz#170a40223a6d666006d93ca128af2beb1d9b1901"
  integrity sha512-ePPA/JuI+X0vb+gSWlPKOY0NdNAie/rPUqX2GUPpbZwiKTkSPhjXWuee47E4MtE54QVzGCQMQkAL6JhV2E1+cQ==
  dependencies:
    "@types/node" "*"

"@types/express-serve-static-core@^4.17.18":
  version "4.17.19"
  resolved "https://registry.yarnpkg.com/@types/express-serve-static-core/-/express-serve-static-core-4.17.19.tgz#00acfc1632e729acac4f1530e9e16f6dd1508a1d"
  integrity sha512-DJOSHzX7pCiSElWaGR8kCprwibCB/3yW6vcT8VG3P0SJjnv19gnWG/AZMfM60Xj/YJIp/YCaDHyvzsFVeniARA==
  dependencies:
    "@types/node" "*"
    "@types/qs" "*"
    "@types/range-parser" "*"

"@types/express@*":
  version "4.17.11"
  resolved "https://registry.yarnpkg.com/@types/express/-/express-4.17.11.tgz#debe3caa6f8e5fcda96b47bd54e2f40c4ee59545"
  integrity sha512-no+R6rW60JEc59977wIxreQVsIEOAYwgCqldrA/vkpCnbD7MqTefO97lmoBe4WE0F156bC4uLSP1XHDOySnChg==
  dependencies:
    "@types/body-parser" "*"
    "@types/express-serve-static-core" "^4.17.18"
    "@types/qs" "*"
    "@types/serve-static" "*"

"@types/mime@^1":
  version "1.3.2"
  resolved "https://registry.yarnpkg.com/@types/mime/-/mime-1.3.2.tgz#93e25bf9ee75fe0fd80b594bc4feb0e862111b5a"
  integrity sha512-YATxVxgRqNH6nHEIsvg6k2Boc1JHI9ZbH5iWFFv/MTkchz3b1ieGDa5T0a9RznNdI0KhVbdbWSN+KWWrQZRxTw==

"@types/mysql@*":
  version "2.15.18"
  resolved "https://registry.yarnpkg.com/@types/mysql/-/mysql-2.15.18.tgz#eea3f2845e619db0073d63d821aa99bf2079c95c"
  integrity sha512-JW74Nh3P/RDAnaP8uXe1qmRpoFBO84SiWvWoSju/F5+2S1kVBi1FbbDoqK/sTZrCCxySaOJnRATvWD+bLcJjAg==
  dependencies:
    "@types/node" "*"

"@types/node@*":
  version "14.14.35"
  resolved "https://registry.yarnpkg.com/@types/node/-/node-14.14.35.tgz#42c953a4e2b18ab931f72477e7012172f4ffa313"
  integrity sha512-Lt+wj8NVPx0zUmUwumiVXapmaLUcAk3yPuHCFVXras9k5VT9TdhJqKqGVUQCD60OTMCl0qxJ57OiTL0Mic3Iag==

"@types/pg@*":
  version "7.14.11"
  resolved "https://registry.yarnpkg.com/@types/pg/-/pg-7.14.11.tgz#daf5555504a1f7af4263df265d91f140fece52e3"
  integrity sha512-EnZkZ1OMw9DvNfQkn2MTJrwKmhJYDEs5ujWrPfvseWNoI95N8B4HzU/Ltrq5ZfYxDX/Zg8mTzwr6UAyTjjFvXA==
  dependencies:
    "@types/node" "*"
    pg-protocol "^1.2.0"
    pg-types "^2.2.0"

"@types/qs@*":
  version "6.9.6"
  resolved "https://registry.yarnpkg.com/@types/qs/-/qs-6.9.6.tgz#df9c3c8b31a247ec315e6996566be3171df4b3b1"
  integrity sha512-0/HnwIfW4ki2D8L8c9GVcG5I72s9jP5GSLVF0VIXDW00kmIpA6O33G7a8n59Tmh7Nz0WUC3rSb7PTY/sdW2JzA==

"@types/range-parser@*":
  version "1.2.3"
  resolved "https://registry.yarnpkg.com/@types/range-parser/-/range-parser-1.2.3.tgz#7ee330ba7caafb98090bece86a5ee44115904c2c"
  integrity sha512-ewFXqrQHlFsgc09MK5jP5iR7vumV/BYayNC6PgJO2LPe8vrnNFyjQjSppfEngITi0qvfKtzFvgKymGheFM9UOA==

"@types/serve-static@*":
  version "1.13.9"
  resolved "https://registry.yarnpkg.com/@types/serve-static/-/serve-static-1.13.9.tgz#aacf28a85a05ee29a11fb7c3ead935ac56f33e4e"
  integrity sha512-ZFqF6qa48XsPdjXV5Gsz0Zqmux2PerNd3a/ktL45mHpa19cuMi/cL8tcxdAx497yRh+QtYPuofjT9oWw9P7nkA==
  dependencies:
    "@types/mime" "^1"
    "@types/node" "*"

agent-base@5:
  version "5.1.1"
  resolved "https://registry.yarnpkg.com/agent-base/-/agent-base-5.1.1.tgz#e8fb3f242959db44d63be665db7a8e739537a32c"
  integrity sha512-TMeqbNl2fMW0nMjTEPOwe3J/PRFP4vqeoNuQMG0HlMrtm5QxKqdvAkZ1pRBQ/ulIyDD5Yq0nJ7YbdD8ey0TO3g==

async-hook-jl@^1.7.6:
  version "1.7.6"
  resolved "https://registry.yarnpkg.com/async-hook-jl/-/async-hook-jl-1.7.6.tgz#4fd25c2f864dbaf279c610d73bf97b1b28595e68"
  integrity sha512-gFaHkFfSxTjvoxDMYqDuGHlcRyUuamF8s+ZTtJdDzqjws4mCt7v0vuV79/E2Wr2/riMQgtG4/yUtXWs1gZ7JMg==
  dependencies:
    stack-chain "^1.3.7"

atomic-batcher@^1.0.2:
  version "1.0.2"
  resolved "https://registry.yarnpkg.com/atomic-batcher/-/atomic-batcher-1.0.2.tgz#d16901d10ccec59516c197b9ccd8930689b813b4"
  integrity sha1-0WkB0QzOxZUWwZe5zNiTBom4E7Q=

aws-xray-sdk-core@3.2.0:
  version "3.2.0"
  resolved "https://registry.yarnpkg.com/aws-xray-sdk-core/-/aws-xray-sdk-core-3.2.0.tgz#45421ec5f11824e4fcac9cdc868eb2421af9df45"
  integrity sha512-6mhqmRsQbDAISyKQuYguO38AhHgGSZsmYLVUYWUV9eJ+GiHZf08apwM7fSdiRw56qCulgSTV5JG2/cnPmtBhUA==
  dependencies:
    "@types/cls-hooked" "*"
    atomic-batcher "^1.0.2"
    cls-hooked "^4.2.2"
    pkginfo "^0.4.0"
    semver "^5.3.0"

aws-xray-sdk-express@3.2.0:
  version "3.2.0"
  resolved "https://registry.yarnpkg.com/aws-xray-sdk-express/-/aws-xray-sdk-express-3.2.0.tgz#cad3681cc51ac66001b38861c2dfb1dd0a129491"
  integrity sha512-r0XX/2JmIYES1vUYee6MgmXpAc2Ru86S8J8u5kwOvTGT1hKqJcdPF8GSKocPKqCw1KSRvDOWqwkwJu8/mDl9Ew==
  dependencies:
    "@types/express" "*"

aws-xray-sdk-mysql@3.2.0:
  version "3.2.0"
  resolved "https://registry.yarnpkg.com/aws-xray-sdk-mysql/-/aws-xray-sdk-mysql-3.2.0.tgz#3ca8a1401d7ed8abcafe2befa1e881547b012435"
  integrity sha512-MlX5ngtQseoSCU04gJGqOh3hFDv8+J6qrgeuaTJqIrSy7X8Rsz4bXZessjLfyuuAWGXsDrwquj5lpBU8jvoHuw==
  dependencies:
    "@types/mysql" "*"

aws-xray-sdk-postgres@3.2.0:
  version "3.2.0"
  resolved "https://registry.yarnpkg.com/aws-xray-sdk-postgres/-/aws-xray-sdk-postgres-3.2.0.tgz#b6804d674d24de41c51a71c76777c674e8d5a70a"
  integrity sha512-Xg3X7Wi6TLEjfLXsPwep9sbTbCn1iqYAV6G4+5jQT4VOE+nn6xa7NntewtxWdvfn77awk4Rb8tQ11ftJOMfTrA==
  dependencies:
    "@types/pg" "*"

aws-xray-sdk@^3.2.0:
  version "3.2.0"
  resolved "https://registry.yarnpkg.com/aws-xray-sdk/-/aws-xray-sdk-3.2.0.tgz#0c8638ae30d80e460e9f6c9b3d160bf9c8b5e3a1"
  integrity sha512-ARPagVVljHbad8lVsUVRCQrbPERIjb/itEZBgDyyGufHU/kLZ4XvhG0Vocixyrweo7PMCukGyPvSmKyBqbSxiQ==
  dependencies:
    aws-xray-sdk-core "3.2.0"
    aws-xray-sdk-express "3.2.0"
    aws-xray-sdk-mysql "3.2.0"
    aws-xray-sdk-postgres "3.2.0"
    pkginfo "^0.4.0"

camelcase@^4.1.0:
  version "4.1.0"
  resolved "https://registry.yarnpkg.com/camelcase/-/camelcase-4.1.0.tgz#d545635be1e33c542649c69173e5de6acfae34dd"
  integrity sha1-1UVjW+HjPFQmScaRc+Xeas+uNN0=

cls-hooked@^4.2.2:
  version "4.2.2"
  resolved "https://registry.yarnpkg.com/cls-hooked/-/cls-hooked-4.2.2.tgz#ad2e9a4092680cdaffeb2d3551da0e225eae1908"
  integrity sha512-J4Xj5f5wq/4jAvcdgoGsL3G103BtWpZrMo8NEinRltN+xpTZdI+M38pyQqhuFU/P792xkMFvnKSf+Lm81U1bxw==
  dependencies:
    async-hook-jl "^1.7.6"
    emitter-listener "^1.0.1"
    semver "^5.4.1"

cookie@^0.3.1:
  version "0.3.1"
  resolved "https://registry.yarnpkg.com/cookie/-/cookie-0.3.1.tgz#e7e0a1f9ef43b4c8ba925c5c5a96e806d16873bb"
  integrity sha1-5+Ch+e9DtMi6klxcWpboBtFoc7s=

debug@4:
  version "4.1.1"
  resolved "https://registry.yarnpkg.com/debug/-/debug-4.1.1.tgz#3b72260255109c6b589cee050f1d516139664791"
  integrity sha512-pYAIzeRo8J6KPEaJ0VWOh5Pzkbw/RetuzehGM7QRRX5he4fPHx2rdKMB256ehJCkX+XRQm16eZLqLNS8RSZXZw==
  dependencies:
    ms "^2.1.1"

emitter-listener@^1.0.1:
  version "1.1.2"
  resolved "https://registry.yarnpkg.com/emitter-listener/-/emitter-listener-1.1.2.tgz#56b140e8f6992375b3d7cb2cab1cc7432d9632e8"
  integrity sha512-Bt1sBAGFHY9DKY+4/2cV6izcKJUf5T7/gkdmkxzX/qv9CcGH8xSwVRW5mtX03SWJtRTWSOpzCuWN9rBFYZepZQ==
  dependencies:
    shimmer "^1.2.0"

https-proxy-agent@^4.0.0:
  version "4.0.0"
  resolved "https://registry.yarnpkg.com/https-proxy-agent/-/https-proxy-agent-4.0.0.tgz#702b71fb5520a132a66de1f67541d9e62154d82b"
  integrity sha512-zoDhWrkR3of1l9QAL8/scJZyLu8j/gBkcwcaQOZh7Gyh/+uJQzGVETdgT30akuwkpL8HTRfssqI3BZuV18teDg==
  dependencies:
    agent-base "5"
    debug "4"

lru_map@^0.3.3:
  version "0.3.3"
  resolved "https://registry.yarnpkg.com/lru_map/-/lru_map-0.3.3.tgz#b5c8351b9464cbd750335a79650a0ec0e56118dd"
  integrity sha1-tcg1G5Rky9dQM1p5ZQoOwOVhGN0=

ms@^2.1.1:
  version "2.1.2"
  resolved "https://registry.yarnpkg.com/ms/-/ms-2.1.2.tgz#d09d1f357b443f493382a8eb3ccd183872ae6009"
  integrity sha512-sGkPx+VjMtmA6MX27oA4FBFELFCZZ4S4XqeGOXCv68tT+jb3vk/RyaKWP0PTKyWtmLSM0b+adUTEvbs1PEaH2w==

node-fetch@^2.6.0:
  version "2.6.0"
  resolved "https://registry.yarnpkg.com/node-fetch/-/node-fetch-2.6.0.tgz#e633456386d4aa55863f676a7ab0daa8fdecb0fd"
  integrity sha512-8dG4H5ujfvFiqDmVu9fQ5bOHUC15JMjMY/Zumv26oOvvVJjM67KF8koCWIabKQ1GJIa9r2mMZscBq/TbdOcmNA==

pg-int8@1.0.1:
  version "1.0.1"
  resolved "https://registry.yarnpkg.com/pg-int8/-/pg-int8-1.0.1.tgz#943bd463bf5b71b4170115f80f8efc9a0c0eb78c"
  integrity sha512-WCtabS6t3c8SkpDBUlb1kjOs7l66xsGdKpIPZsg4wR+B3+u9UAum2odSsF9tnvxg80h4ZxLWMy4pRjOsFIqQpw==

pg-protocol@^1.2.0:
  version "1.4.0"
  resolved "https://registry.yarnpkg.com/pg-protocol/-/pg-protocol-1.4.0.tgz#43a71a92f6fe3ac559952555aa3335c8cb4908be"
  integrity sha512-El+aXWcwG/8wuFICMQjM5ZSAm6OWiJicFdNYo+VY3QP+8vI4SvLIWVe51PppTzMhikUJR+PsyIFKqfdXPz/yxA==

pg-types@^2.2.0:
  version "2.2.0"
  resolved "https://registry.yarnpkg.com/pg-types/-/pg-types-2.2.0.tgz#2d0250d636454f7cfa3b6ae0382fdfa8063254a3"
  integrity sha512-qTAAlrEsl8s4OiEQY69wDvcMIdQN6wdz5ojQiOy6YRMuynxenON0O5oCpJI6lshc6scgAY8qvJ2On/p+CXY0GA==
  dependencies:
    pg-int8 "1.0.1"
    postgres-array "~2.0.0"
    postgres-bytea "~1.0.0"
    postgres-date "~1.0.4"
    postgres-interval "^1.1.0"

pkginfo@^0.4.0:
  version "0.4.1"
  resolved "https://registry.yarnpkg.com/pkginfo/-/pkginfo-0.4.1.tgz#b5418ef0439de5425fc4995042dced14fb2a84ff"
  integrity sha1-tUGO8EOd5UJfxJlQQtztFPsqhP8=

postgres-array@~2.0.0:
  version "2.0.0"
  resolved "https://registry.yarnpkg.com/postgres-array/-/postgres-array-2.0.0.tgz#48f8fce054fbc69671999329b8834b772652d82e"
  integrity sha512-VpZrUqU5A69eQyW2c5CA1jtLecCsN2U/bD6VilrFDWq5+5UIEVO7nazS3TEcHf1zuPYO/sqGvUvW62g86RXZuA==

postgres-bytea@~1.0.0:
  version "1.0.0"
  resolved "https://registry.yarnpkg.com/postgres-bytea/-/postgres-bytea-1.0.0.tgz#027b533c0aa890e26d172d47cf9ccecc521acd35"
  integrity sha1-AntTPAqokOJtFy1Hz5zOzFIazTU=

postgres-date@~1.0.4:
  version "1.0.7"
  resolved "https://registry.yarnpkg.com/postgres-date/-/postgres-date-1.0.7.tgz#51bc086006005e5061c591cee727f2531bf641a8"
  integrity sha512-suDmjLVQg78nMK2UZ454hAG+OAW+HQPZ6n++TNDUX+L0+uUlLywnoxJKDou51Zm+zTCjrCl0Nq6J9C5hP9vK/Q==

postgres-interval@^1.1.0:
  version "1.2.0"
  resolved "https://registry.yarnpkg.com/postgres-interval/-/postgres-interval-1.2.0.tgz#b460c82cb1587507788819a06aa0fffdb3544695"
  integrity sha512-9ZhXKM/rw350N1ovuWHbGxnGh/SNJ4cnxHiM0rxE4VN41wsg8P8zWn9hv/buK00RP4WvlOyr/RBDiptyxVbkZQ==
  dependencies:
    xtend "^4.0.0"

sax@>=0.6.0:
  version "1.2.4"
  resolved "https://registry.yarnpkg.com/sax/-/sax-1.2.4.tgz#2816234e2378bddc4e5354fab5caa895df7100d9"
  integrity sha512-NqVDv9TpANUjFm0N8uM5GxL36UgKi9/atZw+x7YFnQ8ckwFGKrl4xX4yWtrey3UJm5nP1kUbnYgLopqWNSRhWw==

semver@^5.3.0, semver@^5.4.1:
  version "5.7.1"
  resolved "https://registry.yarnpkg.com/semver/-/semver-5.7.1.tgz#a954f931aeba508d307bbf069eff0c01c96116f7"
  integrity sha512-sauaDf/PZdVgrLTNYHRtpXa1iRiKcaebiKQ1BJdpQlWH2lCvexQdX55snPFyK7QzpudqbCI0qXFfOasHdyNDGQ==

shimmer@^1.2.0:
  version "1.2.1"
  resolved "https://registry.yarnpkg.com/shimmer/-/shimmer-1.2.1.tgz#610859f7de327b587efebf501fb43117f9aff337"
  integrity sha512-sQTKC1Re/rM6XyFM6fIAGHRPVGvyXfgzIDvzoq608vM+jeyVD0Tu1E6Np0Kc2zAIFWIj963V2800iF/9LPieQw==

stack-chain@^1.3.7:
  version "1.3.7"
  resolved "https://registry.yarnpkg.com/stack-chain/-/stack-chain-1.3.7.tgz#d192c9ff4ea6a22c94c4dd459171e3f00cea1285"
  integrity sha1-0ZLJ/06moiyUxN1FkXHj8AzqEoU=

tslib@^1.9.3:
  version "1.13.0"
  resolved "https://registry.yarnpkg.com/tslib/-/tslib-1.13.0.tgz#c881e13cc7015894ed914862d276436fa9a47043"
  integrity sha512-i/6DQjL8Xf3be4K/E6Wgpekn5Qasl1usyw++dAA35Ue5orEn65VIxOA+YvNNl9HV3qv70T7CNwjODHZrLwvd1Q==

typy@^3.3.0:
  version "3.3.0"
  resolved "https://registry.yarnpkg.com/typy/-/typy-3.3.0.tgz#ed06e93f3329c87e3cee0df892929acffeb69eaa"
  integrity sha512-Du53deMF9X9pSM3gVXDjLBq14BUfZWSGKfmmR1kTlg953RaIZehfc8fQuoAiW+SRO6bJsP+59mv1tsH8vwKghg==

uppercamelcase@^3.0.0:
  version "3.0.0"
  resolved "https://registry.yarnpkg.com/uppercamelcase/-/uppercamelcase-3.0.0.tgz#380b321b8d73cba16fec4d752a575152d1ef7317"
  integrity sha1-OAsyG41zy6Fv7E11KldRUtHvcxc=
  dependencies:
    camelcase "^4.1.0"

xml2js@^0.4.23:
  version "0.4.23"
  resolved "https://registry.yarnpkg.com/xml2js/-/xml2js-0.4.23.tgz#a0c69516752421eb2ac758ee4d4ccf58843eac66"
  integrity sha512-ySPiMjM0+pLDftHgXY4By0uswI3SPKLDw/i3UXbnO8M/p28zqexCUoPmQFrYD+/1BzhGJSs2i1ERWKJAtiLrug==
  dependencies:
    sax ">=0.6.0"
    xmlbuilder "~11.0.0"

xmlbuilder@~11.0.0:
  version "11.0.1"
  resolved "https://registry.yarnpkg.com/xmlbuilder/-/xmlbuilder-11.0.1.tgz#be9bae1c8a046e76b31127726347d0ad7002beb3"
  integrity sha512-fDlsI/kFEx7gLvbecc0/ohLG50fugQp8ryHzMTuW9vSa1GJ0XYWKnhsUx7oie3G98+r56aTQIUB4kht42R3JvA==

xtend@^4.0.0:
  version "4.0.2"
  resolved "https://registry.yarnpkg.com/xtend/-/xtend-4.0.2.tgz#bb72779f5fa465186b1f438f674fa347fdb5db54"
  integrity sha512-LKYU1iAXJXUgAXn9URjiu+MWhyUXHsvfp7mcuYm9dSUKK0/CjtrUwFAxD82/mCWbtLsGjFIad0wIsod4zrTAEQ==
