# THIS IS AN AUTOGENERATED FILE. DO NOT EDIT THIS FILE DIRECTLY.
# yarn lockfile v1


"@sentry/apm@5.18.1":
  version "5.18.1"
  resolved "https://registry.yarnpkg.com/@sentry/apm/-/apm-5.18.1.tgz#2736ea6cc30ffe093850a2c9ef3b7801a2873a74"
  integrity sha512-UcfEgECz7/X9l/3OoUwVCIpSb0RqyUAd/yRCRGF5Lh7kaqaYi1HbatkYUTDEnhOhaEXYtXUvRXPmRD1zMukqsw==
  dependencies:
    "@sentry/browser" "5.18.1"
    "@sentry/hub" "5.18.1"
    "@sentry/minimal" "5.18.1"
    "@sentry/types" "5.18.1"
    "@sentry/utils" "5.18.1"
    tslib "^1.9.3"

"@sentry/browser@5.18.1":
  version "5.18.1"
  resolved "https://registry.yarnpkg.com/@sentry/browser/-/browser-5.18.1.tgz#6a2ebe8f4ba88b2e98ccc91442e1dcb37b2df988"
  integrity sha512-U1w0d5kRMsfzMYwWn4+awDKfBEI5lxhHa0bMChSpj5z/dWiz/e0mikZ9gCoF+ZNqkXJ92l/3r9gRz+SIsn5ZoA==
  dependencies:
    "@sentry/core" "5.18.1"
    "@sentry/types" "5.18.1"
    "@sentry/utils" "5.18.1"
    tslib "^1.9.3"

"@sentry/core@5.18.1":
  version "5.18.1"
  resolved "https://registry.yarnpkg.com/@sentry/core/-/core-5.18.1.tgz#c2aa7ef9054e372d006d32234969711234d2bb02"
  integrity sha512-nC2aK6gwVIBVysmtdFHxYJyuChIHtkv7TnvmwgA5788L/HWo7E3R+Rd8Tf2npvp/aP+kmNITNbc5CIIqwGPaqQ==
  dependencies:
    "@sentry/hub" "5.18.1"
    "@sentry/minimal" "5.18.1"
    "@sentry/types" "5.18.1"
    "@sentry/utils" "5.18.1"
    tslib "^1.9.3"

"@sentry/hub@5.18.1":
  version "5.18.1"
  resolved "https://registry.yarnpkg.com/@sentry/hub/-/hub-5.18.1.tgz#4c2f642e29a320885692b902fba89e57a9906e64"
  integrity sha512-dFnaj1fQRT74EhoF8MXJ23K3svt11zEF6CS3cdMrkSzfRbAHjyza7KT2AJHUeF6gtH2BZzqsSw+FnfAke0HGIg==
  dependencies:
    "@sentry/types" "5.18.1"
    "@sentry/utils" "5.18.1"
    tslib "^1.9.3"

"@sentry/minimal@5.18.1":
  version "5.18.1"
  resolved "https://registry.yarnpkg.com/@sentry/minimal/-/minimal-5.18.1.tgz#8de01e87c5f5c6e74b707849202150cd4b316ee0"
  integrity sha512-St2bjcZ5FFiH+bYkWoEPlEb0w38YSvftnjJTvZyk05SCdsF7HkGfoBeFmztwBf1VLQPYt3ojny14L6KDAvOTpw==
  dependencies:
    "@sentry/hub" "5.18.1"
    "@sentry/types" "5.18.1"
    tslib "^1.9.3"

"@sentry/node@^5.18.1":
  version "5.18.1"
  resolved "https://registry.yarnpkg.com/@sentry/node/-/node-5.18.1.tgz#9c126735e7a27a9353ff9ecc71059e8781657f8c"
  integrity sha512-faIKb/1i0MYKkWL6crtnIuw1WTwvnQZFaOX4zjZeqZ+z7Q72YfnLWMTaJMe8Q38P/obWf75YRffIJrezkT9lXw==
  dependencies:
    "@sentry/apm" "5.18.1"
    "@sentry/core" "5.18.1"
    "@sentry/hub" "5.18.1"
    "@sentry/types" "5.18.1"
    "@sentry/utils" "5.18.1"
    cookie "^0.3.1"
    https-proxy-agent "^4.0.0"
    lru_map "^0.3.3"
    tslib "^1.9.3"

"@sentry/types@5.18.1":
  version "5.18.1"
  resolved "https://registry.yarnpkg.com/@sentry/types/-/types-5.18.1.tgz#9d72254262f28e966b06371c5b3833de8f0253b8"
  integrity sha512-y5YTkRFC4Y7r4GHrvin6aZLBpQIGdMZRq78f/s7IIEZrmWYbVKsK4dyJht6pOsUdEaxeYpsu3okIA0bqmthSJA==

"@sentry/utils@5.18.1":
  version "5.18.1"
  resolved "https://registry.yarnpkg.com/@sentry/utils/-/utils-5.18.1.tgz#c9880056793ae77d651db0dae76a08a8a0b31eac"
  integrity sha512-P4lt6NauCBWASaP6R5kfOmc24imbD32G5FeWqK7vHftIphOJ0X7OZfh93DJPs3e5RIvW3YCywUsa7MpTH5/ClA==
  dependencies:
    "@sentry/types" "5.18.1"
    tslib "^1.9.3"

agent-base@5:
  version "5.1.1"
  resolved "https://registry.yarnpkg.com/agent-base/-/agent-base-5.1.1.tgz#e8fb3f242959db44d63be665db7a8e739537a32c"
  integrity sha512-TMeqbNl2fMW0nMjTEPOwe3J/PRFP4vqeoNuQMG0HlMrtm5QxKqdvAkZ1pRBQ/ulIyDD5Yq0nJ7YbdD8ey0TO3g==

cookie@^0.3.1:
  version "0.3.1"
  resolved "https://registry.yarnpkg.com/cookie/-/cookie-0.3.1.tgz#e7e0a1f9ef43b4c8ba925c5c5a96e806d16873bb"
  integrity sha1-5+Ch+e9DtMi6klxcWpboBtFoc7s=

debug@4:
  version "4.1.1"
  resolved "https://registry.yarnpkg.com/debug/-/debug-4.1.1.tgz#3b72260255109c6b589cee050f1d516139664791"
  integrity sha512-pYAIzeRo8J6KPEaJ0VWOh5Pzkbw/RetuzehGM7QRRX5he4fPHx2rdKMB256ehJCkX+XRQm16eZLqLNS8RSZXZw==
  dependencies:
    ms "^2.1.1"

https-proxy-agent@^4.0.0:
  version "4.0.0"
  resolved "https://registry.yarnpkg.com/https-proxy-agent/-/https-proxy-agent-4.0.0.tgz#702b71fb5520a132a66de1f67541d9e62154d82b"
  integrity sha512-zoDhWrkR3of1l9QAL8/scJZyLu8j/gBkcwcaQOZh7Gyh/+uJQzGVETdgT30akuwkpL8HTRfssqI3BZuV18teDg==
  dependencies:
    agent-base "5"
    debug "4"

lru_map@^0.3.3:
  version "0.3.3"
  resolved "https://registry.yarnpkg.com/lru_map/-/lru_map-0.3.3.tgz#b5c8351b9464cbd750335a79650a0ec0e56118dd"
  integrity sha1-tcg1G5Rky9dQM1p5ZQoOwOVhGN0=

ms@^2.1.1:
  version "2.1.2"
  resolved "https://registry.yarnpkg.com/ms/-/ms-2.1.2.tgz#d09d1f357b443f493382a8eb3ccd183872ae6009"
  integrity sha512-sGkPx+VjMtmA6MX27oA4FBFELFCZZ4S4XqeGOXCv68tT+jb3vk/RyaKWP0PTKyWtmLSM0b+adUTEvbs1PEaH2w==

tslib@^1.9.3:
  version "1.13.0"
  resolved "https://registry.yarnpkg.com/tslib/-/tslib-1.13.0.tgz#c881e13cc7015894ed914862d276436fa9a47043"
  integrity sha512-i/6DQjL8Xf3be4K/E6Wgpekn5Qasl1usyw++dAA35Ue5orEn65VIxOA+YvNNl9HV3qv70T7CNwjODHZrLwvd1Q==
