# THIS IS AN AUTOGENERATED FILE. DO NOT EDIT THIS FILE DIRECTLY.
# yarn lockfile v1


"@sentry/apm@5.19.0":
  version "5.19.0"
  resolved "https://registry.yarnpkg.com/@sentry/apm/-/apm-5.19.0.tgz#1f0ec63fc772b79cd9a9ddb4a115b0595cde9fd8"
  integrity sha512-CwjXwkj31TlktW3FAM9GqF9zbjAyH58nrguCwx/uPTkpJN1Uj4MGh74oWFo45a4f/cLjjrpLA/mbwBdhs0z8sw==
  dependencies:
    "@sentry/browser" "5.19.0"
    "@sentry/hub" "5.19.0"
    "@sentry/minimal" "5.19.0"
    "@sentry/types" "5.19.0"
    "@sentry/utils" "5.19.0"
    tslib "^1.9.3"

"@sentry/browser@5.19.0":
  version "5.19.0"
  resolved "https://registry.yarnpkg.com/@sentry/browser/-/browser-5.19.0.tgz#9189b6633fe45e54325e40b39345d9eabd171e4a"
  integrity sha512-Cz8PnzC5NGfpHIGCmHLgA6iDEBVELwo4Il/iFweXjs4+VL4biw62lI32Q4iLCCpmX0t5UvrWBOnju2v8zuFIjA==
  dependencies:
    "@sentry/core" "5.19.0"
    "@sentry/types" "5.19.0"
    "@sentry/utils" "5.19.0"
    tslib "^1.9.3"

"@sentry/core@5.19.0":
  version "5.19.0"
  resolved "https://registry.yarnpkg.com/@sentry/core/-/core-5.19.0.tgz#31b08a0b46ae1ee6863447225b401ac2a777774c"
  integrity sha512-ry1Zms6jrVQPEwmfywItyUhOgabPrykd8stR1x/u2t1YiISWlR813fE5nzdwgW5mxEitXz/ikTwvrfK3egsDWQ==
  dependencies:
    "@sentry/hub" "5.19.0"
    "@sentry/minimal" "5.19.0"
    "@sentry/types" "5.19.0"
    "@sentry/utils" "5.19.0"
    tslib "^1.9.3"

"@sentry/hub@5.19.0":
  version "5.19.0"
  resolved "https://registry.yarnpkg.com/@sentry/hub/-/hub-5.19.0.tgz#f38e7745a4980d9fa6c5baeca5605e7e6fecd5ac"
  integrity sha512-UFaQLa1XAa02ZcxUmN9GdDpGs3vHK1LpOyYooimX8ttWa4KAkMuP+O5uXH1TJabry6o/cRwYisg2k6PBSy8gxw==
  dependencies:
    "@sentry/types" "5.19.0"
    "@sentry/utils" "5.19.0"
    tslib "^1.9.3"

"@sentry/minimal@5.19.0":
  version "5.19.0"
  resolved "https://registry.yarnpkg.com/@sentry/minimal/-/minimal-5.19.0.tgz#aa5a700618608ea79d270280fe77f04bbb44ed5a"
  integrity sha512-3FHgirwOuOMF4VlwHboYObPT9c0S9b9y5FW0DGgNt8sJPezS00VaJti/38ZwOHQJ4fJ6ubt/Y3Kz0eBTVxMCCQ==
  dependencies:
    "@sentry/hub" "5.19.0"
    "@sentry/types" "5.19.0"
    tslib "^1.9.3"

"@sentry/node@^5.19.0":
  version "5.19.0"
  resolved "https://registry.yarnpkg.com/@sentry/node/-/node-5.19.0.tgz#e02daf9804be47e1c5d8de456d545b4d66422cdb"
  integrity sha512-dqpH9ff+ropVpv0vJnNEOm601Gq/VFvdiN4Ge6JaKEVz+utx6JafEXjXsQqngxXp3xvJw6g0s6cw4HJ+Mx7dow==
  dependencies:
    "@sentry/apm" "5.19.0"
    "@sentry/core" "5.19.0"
    "@sentry/hub" "5.19.0"
    "@sentry/types" "5.19.0"
    "@sentry/utils" "5.19.0"
    cookie "^0.3.1"
    https-proxy-agent "^4.0.0"
    lru_map "^0.3.3"
    tslib "^1.9.3"

"@sentry/types@5.19.0":
  version "5.19.0"
  resolved "https://registry.yarnpkg.com/@sentry/types/-/types-5.19.0.tgz#30c6a05040b644d90337ef8b50d9d59c0872744d"
  integrity sha512-NlHLS9mwCEimKUA5vClAwVhXFLsqSF3VJEXU+K61fF6NZx8zfJi/HTrIBtoM4iNSAt9o4XLQatC1liIpBC06tg==

"@sentry/utils@5.19.0":
  version "5.19.0"
  resolved "https://registry.yarnpkg.com/@sentry/utils/-/utils-5.19.0.tgz#0e01f84aa67a1cf2ec71faab670230918ea7e9aa"
  integrity sha512-EU/T9aJrI8isexRnyDx5InNw/HjSQ0nKI7YWdiwfFrJusqQ/uisnCGK7vw6gGHDgiAHMXW3TJ38NHpNBin6y7Q==
  dependencies:
    "@sentry/types" "5.19.0"
    tslib "^1.9.3"

agent-base@5:
  version "5.1.1"
  resolved "https://registry.yarnpkg.com/agent-base/-/agent-base-5.1.1.tgz#e8fb3f242959db44d63be665db7a8e739537a32c"
  integrity sha512-TMeqbNl2fMW0nMjTEPOwe3J/PRFP4vqeoNuQMG0HlMrtm5QxKqdvAkZ1pRBQ/ulIyDD5Yq0nJ7YbdD8ey0TO3g==

camelcase@^4.1.0:
  version "4.1.0"
  resolved "https://registry.yarnpkg.com/camelcase/-/camelcase-4.1.0.tgz#d545635be1e33c542649c69173e5de6acfae34dd"
  integrity sha1-1UVjW+HjPFQmScaRc+Xeas+uNN0=

cookie@^0.3.1:
  version "0.3.1"
  resolved "https://registry.yarnpkg.com/cookie/-/cookie-0.3.1.tgz#e7e0a1f9ef43b4c8ba925c5c5a96e806d16873bb"
  integrity sha1-5+Ch+e9DtMi6klxcWpboBtFoc7s=

debug@4:
  version "4.1.1"
  resolved "https://registry.yarnpkg.com/debug/-/debug-4.1.1.tgz#3b72260255109c6b589cee050f1d516139664791"
  integrity sha512-pYAIzeRo8J6KPEaJ0VWOh5Pzkbw/RetuzehGM7QRRX5he4fPHx2rdKMB256ehJCkX+XRQm16eZLqLNS8RSZXZw==
  dependencies:
    ms "^2.1.1"

https-proxy-agent@^4.0.0:
  version "4.0.0"
  resolved "https://registry.yarnpkg.com/https-proxy-agent/-/https-proxy-agent-4.0.0.tgz#702b71fb5520a132a66de1f67541d9e62154d82b"
  integrity sha512-zoDhWrkR3of1l9QAL8/scJZyLu8j/gBkcwcaQOZh7Gyh/+uJQzGVETdgT30akuwkpL8HTRfssqI3BZuV18teDg==
  dependencies:
    agent-base "5"
    debug "4"

lru_map@^0.3.3:
  version "0.3.3"
  resolved "https://registry.yarnpkg.com/lru_map/-/lru_map-0.3.3.tgz#b5c8351b9464cbd750335a79650a0ec0e56118dd"
  integrity sha1-tcg1G5Rky9dQM1p5ZQoOwOVhGN0=

ms@^2.1.1:
  version "2.1.2"
  resolved "https://registry.yarnpkg.com/ms/-/ms-2.1.2.tgz#d09d1f357b443f493382a8eb3ccd183872ae6009"
  integrity sha512-sGkPx+VjMtmA6MX27oA4FBFELFCZZ4S4XqeGOXCv68tT+jb3vk/RyaKWP0PTKyWtmLSM0b+adUTEvbs1PEaH2w==

node-fetch@^2.6.0:
  version "2.6.0"
  resolved "https://registry.yarnpkg.com/node-fetch/-/node-fetch-2.6.0.tgz#e633456386d4aa55863f676a7ab0daa8fdecb0fd"
  integrity sha512-8dG4H5ujfvFiqDmVu9fQ5bOHUC15JMjMY/Zumv26oOvvVJjM67KF8koCWIabKQ1GJIa9r2mMZscBq/TbdOcmNA==

sax@>=0.6.0:
  version "1.2.4"
  resolved "https://registry.yarnpkg.com/sax/-/sax-1.2.4.tgz#2816234e2378bddc4e5354fab5caa895df7100d9"
  integrity sha512-NqVDv9TpANUjFm0N8uM5GxL36UgKi9/atZw+x7YFnQ8ckwFGKrl4xX4yWtrey3UJm5nP1kUbnYgLopqWNSRhWw==

tslib@^1.9.3:
  version "1.13.0"
  resolved "https://registry.yarnpkg.com/tslib/-/tslib-1.13.0.tgz#c881e13cc7015894ed914862d276436fa9a47043"
  integrity sha512-i/6DQjL8Xf3be4K/E6Wgpekn5Qasl1usyw++dAA35Ue5orEn65VIxOA+YvNNl9HV3qv70T7CNwjODHZrLwvd1Q==

typy@^3.3.0:
  version "3.3.0"
  resolved "https://registry.yarnpkg.com/typy/-/typy-3.3.0.tgz#ed06e93f3329c87e3cee0df892929acffeb69eaa"
  integrity sha512-Du53deMF9X9pSM3gVXDjLBq14BUfZWSGKfmmR1kTlg953RaIZehfc8fQuoAiW+SRO6bJsP+59mv1tsH8vwKghg==

uppercamelcase@^3.0.0:
  version "3.0.0"
  resolved "https://registry.yarnpkg.com/uppercamelcase/-/uppercamelcase-3.0.0.tgz#380b321b8d73cba16fec4d752a575152d1ef7317"
  integrity sha1-OAsyG41zy6Fv7E11KldRUtHvcxc=
  dependencies:
    camelcase "^4.1.0"

xml2js@^0.4.23:
  version "0.4.23"
  resolved "https://registry.yarnpkg.com/xml2js/-/xml2js-0.4.23.tgz#a0c69516752421eb2ac758ee4d4ccf58843eac66"
  integrity sha512-ySPiMjM0+pLDftHgXY4By0uswI3SPKLDw/i3UXbnO8M/p28zqexCUoPmQFrYD+/1BzhGJSs2i1ERWKJAtiLrug==
  dependencies:
    sax ">=0.6.0"
    xmlbuilder "~11.0.0"

xmlbuilder@~11.0.0:
  version "11.0.1"
  resolved "https://registry.yarnpkg.com/xmlbuilder/-/xmlbuilder-11.0.1.tgz#be9bae1c8a046e76b31127726347d0ad7002beb3"
  integrity sha512-fDlsI/kFEx7gLvbecc0/ohLG50fugQp8ryHzMTuW9vSa1GJ0XYWKnhsUx7oie3G98+r56aTQIUB4kht42R3JvA==
